{
    "_meta": {
        "hash": {
            "sha256": "ee82da704e48e7f57abffa8a709d19dee965902e691c7bdb73846457117c117b"
        },
        "host-environment-markers": {
            "implementation_name": "cpython",
            "implementation_version": "3.6.5",
            "os_name": "posix",
            "platform_machine": "x86_64",
            "platform_python_implementation": "CPython",
            "platform_release": "4.19.57-gentoo",
            "platform_system": "Linux",
            "platform_version": "#2 SMP PREEMPT Mon Jul 15 00:38:18 CDT 2019",
            "python_full_version": "3.6.5",
            "python_version": "3.6",
            "sys_platform": "linux"
        },
        "pipfile-spec": 6,
        "requires": {},
        "sources": [
            {
                "name": "pypi",
                "url": "https://pypi.python.org/simple",
                "verify_ssl": true
            }
        ]
    },
    "default": {
        "click": {
            "hashes": [
                "sha256:2335065e6395b9e67ca716de5f7526736bfa6ceead690adf616d925bdc622b13",
                "sha256:5b94b49521f6456670fdb30cd82a4eca9412788a93fa6dd6df72c94d5a8ff2d7"
            ],
            "version": "==7.0"
        },
        "pyparsing": {
            "hashes": [
                "sha256:f78e99616b6f1a4745c0580e170251ef1bbafc0d0513e270c4bd281bf29d2800",
                "sha256:530d8bf8cc93a34019d08142593cf4d78a05c890da8cf87ffa3120af53772238"
            ],
            "version": "==2.4.1"
        }
    },
    "develop": {}
}
